// !$*UTF8*$!
{
	archiveVersion = 1;
	classes = {
	};
	objectVersion = 46;
	objects = {

/* Begin PBXBuildFile section */
		4245C36C6AFB85EDD5D775D5 /* libPods-XXBNavDemo.a in Frameworks */ = {isa = PBXBuildFile; fileRef = 3DB04A9D5051E5054851162E /* libPods-XXBNavDemo.a */; };
		626477161BCCA319006BFD1C /* XXBNavigationController.m in Sources */ = {isa = PBXBuildFile; fileRef = 626477151BCCA319006BFD1C /* XXBNavigationController.m */; };
		626477231BCCA3D4006BFD1C /* XXBTableViewController.m in Sources */ = {isa = PBXBuildFile; fileRef = 6264771D1BCCA3D4006BFD1C /* XXBTableViewController.m */; };
		626477241BCCA3D4006BFD1C /* AppDelegate.m in Sources */ = {isa = PBXBuildFile; fileRef = 626477201BCCA3D4006BFD1C /* AppDelegate.m */; };
		626477251BCCA3D4006BFD1C /* main.m in Sources */ = {isa = PBXBuildFile; fileRef = 626477211BCCA3D4006BFD1C /* main.m */; };
		62ADBBDB1BCBA622001A3085 /* Main.storyboard in Resources */ = {isa = PBXBuildFile; fileRef = 62ADBBD91BCBA622001A3085 /* Main.storyboard */; };
		62ADBBDD1BCBA622001A3085 /* Assets.xcassets in Resources */ = {isa = PBXBuildFile; fileRef = 62ADBBDC1BCBA622001A3085 /* Assets.xcassets */; };
		62ADBBE01BCBA622001A3085 /* LaunchScreen.storyboard in Resources */ = {isa = PBXBuildFile; fileRef = 62ADBBDE1BCBA622001A3085 /* LaunchScreen.storyboard */; };
		62B6EE9B1C57405D00EFA0E8 /* XXBViewController.m in Sources */ = {isa = PBXBuildFile; fileRef = 62B6EE9A1C57405D00EFA0E8 /* XXBViewController.m */; };
		62B6EE9E1C5743FA00EFA0E8 /* XXBLastViewController.m in Sources */ = {isa = PBXBuildFile; fileRef = 62B6EE9D1C5743FA00EFA0E8 /* XXBLastViewController.m */; };
		7824D28C20BC537F00DD1C56 /* XXBBaseTransitioningAnimation.m in Sources */ = {isa = PBXBuildFile; fileRef = 7824D28B20BC537F00DD1C56 /* XXBBaseTransitioningAnimation.m */; };
		7824D28F20BD067700DD1C56 /* XXBPushAnimation.m in Sources */ = {isa = PBXBuildFile; fileRef = 7824D28E20BD067700DD1C56 /* XXBPushAnimation.m */; };
		7824D29220BD069200DD1C56 /* XXBPopAnimation.m in Sources */ = {isa = PBXBuildFile; fileRef = 7824D29120BD069200DD1C56 /* XXBPopAnimation.m */; };
/* End PBXBuildFile section */

/* Begin PBXFileReference section */
		117083F15192F23F673E1DC3 /* Pods-XXBNavDemo.debug.xcconfig */ = {isa = PBXFileReference; includeInIndex = 1; lastKnownFileType = text.xcconfig; name = "Pods-XXBNavDemo.debug.xcconfig"; path = "Target Support Files/Pods-XXBNavDemo/Pods-XXBNavDemo.debug.xcconfig"; sourceTree = "<group>"; };
		3DB04A9D5051E5054851162E /* libPods-XXBNavDemo.a */ = {isa = PBXFileReference; explicitFileType = archive.ar; includeInIndex = 0; path = "libPods-XXBNavDemo.a"; sourceTree = BUILT_PRODUCTS_DIR; };
		40994AAFEB49C55AEA24383D /* Pods-XXBNavDemo.release.xcconfig */ = {isa = PBXFileReference; includeInIndex = 1; lastKnownFileType = text.xcconfig; name = "Pods-XXBNavDemo.release.xcconfig"; path = "Target Support Files/Pods-XXBNavDemo/Pods-XXBNavDemo.release.xcconfig"; sourceTree = "<group>"; };
		626477141BCCA319006BFD1C /* XXBNavigationController.h */ = {isa = PBXFileReference; fileEncoding = 4; lastKnownFileType = sourcecode.c.h; path = XXBNavigationController.h; sourceTree = "<group>"; };
		626477151BCCA319006BFD1C /* XXBNavigationController.m */ = {isa = PBXFileReference; fileEncoding = 4; lastKnownFileType = sourcecode.c.objc; path = XXBNavigationController.m; sourceTree = "<group>"; };
		6264771C1BCCA3D4006BFD1C /* XXBTableViewController.h */ = {isa = PBXFileReference; fileEncoding = 4; lastKnownFileType = sourcecode.c.h; path = XXBTableViewController.h; sourceTree = "<group>"; };
		6264771D1BCCA3D4006BFD1C /* XXBTableViewController.m */ = {isa = PBXFileReference; fileEncoding = 4; lastKnownFileType = sourcecode.c.objc; path = XXBTableViewController.m; sourceTree = "<group>"; };
		6264771F1BCCA3D4006BFD1C /* AppDelegate.h */ = {isa = PBXFileReference; fileEncoding = 4; lastKnownFileType = sourcecode.c.h; path = AppDelegate.h; sourceTree = "<group>"; };
		626477201BCCA3D4006BFD1C /* AppDelegate.m */ = {isa = PBXFileReference; fileEncoding = 4; lastKnownFileType = sourcecode.c.objc; path = AppDelegate.m; sourceTree = "<group>"; };
		626477211BCCA3D4006BFD1C /* main.m */ = {isa = PBXFileReference; fileEncoding = 4; lastKnownFileType = sourcecode.c.objc; path = main.m; sourceTree = "<group>"; };
		62ADBBCD1BCBA622001A3085 /* XXBNavDemo.app */ = {isa = PBXFileReference; explicitFileType = wrapper.application; includeInIndex = 0; path = XXBNavDemo.app; sourceTree = BUILT_PRODUCTS_DIR; };
		62ADBBDA1BCBA622001A3085 /* Base */ = {isa = PBXFileReference; lastKnownFileType = file.storyboard; name = Base; path = Base.lproj/Main.storyboard; sourceTree = "<group>"; };
		62ADBBDC1BCBA622001A3085 /* Assets.xcassets */ = {isa = PBXFileReference; lastKnownFileType = folder.assetcatalog; path = Assets.xcassets; sourceTree = "<group>"; };
		62ADBBDF1BCBA622001A3085 /* Base */ = {isa = PBXFileReference; lastKnownFileType = file.storyboard; name = Base; path = Base.lproj/LaunchScreen.storyboard; sourceTree = "<group>"; };
		62ADBBE11BCBA622001A3085 /* Info.plist */ = {isa = PBXFileReference; lastKnownFileType = text.plist.xml; path = Info.plist; sourceTree = "<group>"; };
		62B6EE991C57405D00EFA0E8 /* XXBViewController.h */ = {isa = PBXFileReference; fileEncoding = 4; lastKnownFileType = sourcecode.c.h; path = XXBViewController.h; sourceTree = "<group>"; };
		62B6EE9A1C57405D00EFA0E8 /* XXBViewController.m */ = {isa = PBXFileReference; fileEncoding = 4; lastKnownFileType = sourcecode.c.objc; path = XXBViewController.m; sourceTree = "<group>"; };
		62B6EE9C1C5743FA00EFA0E8 /* XXBLastViewController.h */ = {isa = PBXFileReference; fileEncoding = 4; lastKnownFileType = sourcecode.c.h; path = XXBLastViewController.h; sourceTree = "<group>"; };
		62B6EE9D1C5743FA00EFA0E8 /* XXBLastViewController.m */ = {isa = PBXFileReference; fileEncoding = 4; lastKnownFileType = sourcecode.c.objc; path = XXBLastViewController.m; sourceTree = "<group>"; };
		7824D28A20BC537F00DD1C56 /* XXBBaseTransitioningAnimation.h */ = {isa = PBXFileReference; lastKnownFileType = sourcecode.c.h; path = XXBBaseTransitioningAnimation.h; sourceTree = "<group>"; };
		7824D28B20BC537F00DD1C56 /* XXBBaseTransitioningAnimation.m */ = {isa = PBXFileReference; lastKnownFileType = sourcecode.c.objc; path = XXBBaseTransitioningAnimation.m; sourceTree = "<group>"; };
		7824D28D20BD067700DD1C56 /* XXBPushAnimation.h */ = {isa = PBXFileReference; lastKnownFileType = sourcecode.c.h; path = XXBPushAnimation.h; sourceTree = "<group>"; };
		7824D28E20BD067700DD1C56 /* XXBPushAnimation.m */ = {isa = PBXFileReference; lastKnownFileType = sourcecode.c.objc; path = XXBPushAnimation.m; sourceTree = "<group>"; };
		7824D29020BD069200DD1C56 /* XXBPopAnimation.h */ = {isa = PBXFileReference; lastKnownFileType = sourcecode.c.h; path = XXBPopAnimation.h; sourceTree = "<group>"; };
		7824D29120BD069200DD1C56 /* XXBPopAnimation.m */ = {isa = PBXFileReference; lastKnownFileType = sourcecode.c.objc; path = XXBPopAnimation.m; sourceTree = "<group>"; };
/* End PBXFileReference section */

/* Begin PBXFrameworksBuildPhase section */
		62ADBBCA1BCBA622001A3085 /* Frameworks */ = {
			isa = PBXFrameworksBuildPhase;
			buildActionMask = 2147483647;
			files = (
				4245C36C6AFB85EDD5D775D5 /* libPods-XXBNavDemo.a in Frameworks */,
			);
			runOnlyForDeploymentPostprocessing = 0;
		};
/* End PBXFrameworksBuildPhase section */

/* Begin PBXGroup section */
		271B8AF7A8578B5A19826791 /* Frameworks */ = {
			isa = PBXGroup;
			children = (
				3DB04A9D5051E5054851162E /* libPods-XXBNavDemo.a */,
			);
			name = Frameworks;
			sourceTree = "<group>";
		};
		6264771A1BCCA3D4006BFD1C /* Class */ = {
			isa = PBXGroup;
			children = (
				6264771B1BCCA3D4006BFD1C /* Controller */,
				6264771E1BCCA3D4006BFD1C /* Others */,
			);
			path = Class;
			sourceTree = "<group>";
		};
		6264771B1BCCA3D4006BFD1C /* Controller */ = {
			isa = PBXGroup;
			children = (
				6264771C1BCCA3D4006BFD1C /* XXBTableViewController.h */,
				6264771D1BCCA3D4006BFD1C /* XXBTableViewController.m */,
				62B6EE991C57405D00EFA0E8 /* XXBViewController.h */,
				62B6EE9A1C57405D00EFA0E8 /* XXBViewController.m */,
				62B6EE9C1C5743FA00EFA0E8 /* XXBLastViewController.h */,
				62B6EE9D1C5743FA00EFA0E8 /* XXBLastViewController.m */,
			);
			path = Controller;
			sourceTree = "<group>";
		};
		6264771E1BCCA3D4006BFD1C /* Others */ = {
			isa = PBXGroup;
			children = (
				6264771F1BCCA3D4006BFD1C /* AppDelegate.h */,
				626477201BCCA3D4006BFD1C /* AppDelegate.m */,
				626477211BCCA3D4006BFD1C /* main.m */,
			);
			path = Others;
			sourceTree = "<group>";
		};
		62ADBBC41BCBA622001A3085 = {
			isa = PBXGroup;
			children = (
				62ADBBCF1BCBA622001A3085 /* XXBNavDemo */,
				62ADBBCE1BCBA622001A3085 /* Products */,
				6C100B052F844D244FFEC959 /* Pods */,
				271B8AF7A8578B5A19826791 /* Frameworks */,
			);
			sourceTree = "<group>";
		};
		62ADBBCE1BCBA622001A3085 /* Products */ = {
			isa = PBXGroup;
			children = (
				62ADBBCD1BCBA622001A3085 /* XXBNavDemo.app */,
			);
			name = Products;
			sourceTree = "<group>";
		};
		62ADBBCF1BCBA622001A3085 /* XXBNavDemo */ = {
			isa = PBXGroup;
			children = (
				6264771A1BCCA3D4006BFD1C /* Class */,
				62ADBC031BCBA669001A3085 /* XXBNav */,
				62ADBBD91BCBA622001A3085 /* Main.storyboard */,
				62ADBBDC1BCBA622001A3085 /* Assets.xcassets */,
				62ADBBDE1BCBA622001A3085 /* LaunchScreen.storyboard */,
				62ADBBE11BCBA622001A3085 /* Info.plist */,
				62ADBBD01BCBA622001A3085 /* Supporting Files */,
			);
			path = XXBNavDemo;
			sourceTree = "<group>";
		};
		62ADBBD01BCBA622001A3085 /* Supporting Files */ = {
			isa = PBXGroup;
			children = (
			);
			name = "Supporting Files";
			sourceTree = "<group>";
		};
		62ADBC031BCBA669001A3085 /* XXBNav */ = {
			isa = PBXGroup;
			children = (
				626477141BCCA319006BFD1C /* XXBNavigationController.h */,
				626477151BCCA319006BFD1C /* XXBNavigationController.m */,
				7824D28A20BC537F00DD1C56 /* XXBBaseTransitioningAnimation.h */,
				7824D28B20BC537F00DD1C56 /* XXBBaseTransitioningAnimation.m */,
				7824D28D20BD067700DD1C56 /* XXBPushAnimation.h */,
				7824D28E20BD067700DD1C56 /* XXBPushAnimation.m */,
				7824D29020BD069200DD1C56 /* XXBPopAnimation.h */,
				7824D29120BD069200DD1C56 /* XXBPopAnimation.m */,
			);
			name = XXBNav;
			path = ../../XXBNav;
			sourceTree = "<group>";
		};
		6C100B052F844D244FFEC959 /* Pods */ = {
			isa = PBXGroup;
			children = (
				117083F15192F23F673E1DC3 /* Pods-XXBNavDemo.debug.xcconfig */,
				40994AAFEB49C55AEA24383D /* Pods-XXBNavDemo.release.xcconfig */,
			);
			path = Pods;
			sourceTree = "<group>";
		};
/* End PBXGroup section */

/* Begin PBXNativeTarget section */
		62ADBBCC1BCBA622001A3085 /* XXBNavDemo */ = {
			isa = PBXNativeTarget;
			buildConfigurationList = 62ADBBFA1BCBA622001A3085 /* Build configuration list for PBXNativeTarget "XXBNavDemo" */;
			buildPhases = (
				94A34E2E96C4BE448DCCF9C0 /* [CP] Check Pods Manifest.lock */,
				62ADBBC91BCBA622001A3085 /* Sources */,
				62ADBBCA1BCBA622001A3085 /* Frameworks */,
				62ADBBCB1BCBA622001A3085 /* Resources */,
			);
			buildRules = (
			);
			dependencies = (
			);
			name = XXBNavDemo;
			productName = XXBNavDemo;
			productReference = 62ADBBCD1BCBA622001A3085 /* XXBNavDemo.app */;
			productType = "com.apple.product-type.application";
		};
/* End PBXNativeTarget section */

/* Begin PBXProject section */
		62ADBBC51BCBA622001A3085 /* Project object */ = {
			isa = PBXProject;
			attributes = {
				LastUpgradeCheck = 1140;
				ORGANIZATIONNAME = xiaobing;
				TargetAttributes = {
					62ADBBCC1BCBA622001A3085 = {
						CreatedOnToolsVersion = 7.0.1;
						DevelopmentTeam = XVTV8VU3M3;
					};
				};
			};
			buildConfigurationList = 62ADBBC81BCBA622001A3085 /* Build configuration list for PBXProject "XXBNavDemo" */;
			compatibilityVersion = "Xcode 3.2";
			developmentRegion = en;
			hasScannedForEncodings = 0;
			knownRegions = (
				en,
				Base,
			);
			mainGroup = 62ADBBC41BCBA622001A3085;
			productRefGroup = 62ADBBCE1BCBA622001A3085 /* Products */;
			projectDirPath = "";
			projectRoot = "";
			targets = (
				62ADBBCC1BCBA622001A3085 /* XXBNavDemo */,
			);
		};
/* End PBXProject section */

/* Begin PBXResourcesBuildPhase section */
		62ADBBCB1BCBA622001A3085 /* Resources */ = {
			isa = PBXResourcesBuildPhase;
			buildActionMask = 2147483647;
			files = (
				62ADBBE01BCBA622001A3085 /* LaunchScreen.storyboard in Resources */,
				62ADBBDD1BCBA622001A3085 /* Assets.xcassets in Resources */,
				62ADBBDB1BCBA622001A3085 /* Main.storyboard in Resources */,
			);
			runOnlyForDeploymentPostprocessing = 0;
		};
/* End PBXResourcesBuildPhase section */

/* Begin PBXShellScriptBuildPhase section */
		94A34E2E96C4BE448DCCF9C0 /* [CP] Check Pods Manifest.lock */ = {
			isa = PBXShellScriptBuildPhase;
			buildActionMask = 2147483647;
			files = (
			);
			inputFileListPaths = (
			);
			inputPaths = (
				"${PODS_PODFILE_DIR_PATH}/Podfile.lock",
				"${PODS_ROOT}/Manifest.lock",
			);
			name = "[CP] Check Pods Manifest.lock";
			outputFileListPaths = (
			);
			outputPaths = (
				"$(DERIVED_FILE_DIR)/Pods-XXBNavDemo-checkManifestLockResult.txt",
			);
			runOnlyForDeploymentPostprocessing = 0;
			shellPath = /bin/sh;
			shellScript = "diff \"${PODS_PODFILE_DIR_PATH}/Podfile.lock\" \"${PODS_ROOT}/Manifest.lock\" > /dev/null\nif [ $? != 0 ] ; then\n    # print error to STDERR\n    echo \"error: The sandbox is not in sync with the Podfile.lock. Run 'pod install' or update your CocoaPods installation.\" >&2\n    exit 1\nfi\n# This output is used by Xcode 'outputs' to avoid re-running this script phase.\necho \"SUCCESS\" > \"${SCRIPT_OUTPUT_FILE_0}\"\n";
			showEnvVarsInLog = 0;
		};
/* End PBXShellScriptBuildPhase section */

/* Begin PBXSourcesBuildPhase section */
		62ADBBC91BCBA622001A3085 /* Sources */ = {
			isa = PBXSourcesBuildPhase;
			buildActionMask = 2147483647;
			files = (
				626477231BCCA3D4006BFD1C /* XXBTableViewController.m in Sources */,
				62B6EE9B1C57405D00EFA0E8 /* XXBViewController.m in Sources */,
				626477161BCCA319006BFD1C /* XXBNavigationController.m in Sources */,
				626477251BCCA3D4006BFD1C /* main.m in Sources */,
				626477241BCCA3D4006BFD1C /* AppDelegate.m in Sources */,
				7824D28C20BC537F00DD1C56 /* XXBBaseTransitioningAnimation.m in Sources */,
				62B6EE9E1C5743FA00EFA0E8 /* XXBLastViewController.m in Sources */,
				7824D29220BD069200DD1C56 /* XXBPopAnimation.m in Sources */,
				7824D28F20BD067700DD1C56 /* XXBPushAnimation.m in Sources */,
			);
			runOnlyForDeploymentPostprocessing = 0;
		};
/* End PBXSourcesBuildPhase section */

/* Begin PBXVariantGroup section */
		62ADBBD91BCBA622001A3085 /* Main.storyboard */ = {
			isa = PBXVariantGroup;
			children = (
				62ADBBDA1BCBA622001A3085 /* Base */,
			);
			name = Main.storyboard;
			sourceTree = "<group>";
		};
		62ADBBDE1BCBA622001A3085 /* LaunchScreen.storyboard */ = {
			isa = PBXVariantGroup;
			children = (
				62ADBBDF1BCBA622001A3085 /* Base */,
			);
			name = LaunchScreen.storyboard;
			sourceTree = "<group>";
		};
/* End PBXVariantGroup section */

/* Begin XCBuildConfiguration section */
		62ADBBF81BCBA622001A3085 /* Debug */ = {
			isa = XCBuildConfiguration;
			buildSettings = {
				ALWAYS_SEARCH_USER_PATHS = NO;
				CLANG_ANALYZER_LOCALIZABILITY_NONLOCALIZED = YES;
				CLANG_CXX_LANGUAGE_STANDARD = "gnu++0x";
				CLANG_CXX_LIBRARY = "libc++";
				CLANG_ENABLE_MODULES = YES;
				CLANG_ENABLE_OBJC_ARC = YES;
				CLANG_WARN_BLOCK_CAPTURE_AUTORELEASING = YES;
				CLANG_WARN_BOOL_CONVERSION = YES;
				CLANG_WARN_COMMA = YES;
				CLANG_WARN_CONSTANT_CONVERSION = YES;
				CLANG_WARN_DEPRECATED_OBJC_IMPLEMENTATIONS = YES;
				CLANG_WARN_DIRECT_OBJC_ISA_USAGE = YES_ERROR;
				CLANG_WARN_EMPTY_BODY = YES;
				CLANG_WARN_ENUM_CONVERSION = YES;
				CLANG_WARN_INFINITE_RECURSION = YES;
				CLANG_WARN_INT_CONVERSION = YES;
				CLANG_WARN_NON_LITERAL_NULL_CONVERSION = YES;
				CLANG_WARN_OBJC_IMPLICIT_RETAIN_SELF = YES;
				CLANG_WARN_OBJC_LITERAL_CONVERSION = YES;
				CLANG_WARN_OBJC_ROOT_CLASS = YES_ERROR;
				CLANG_WARN_RANGE_LOOP_ANALYSIS = YES;
				CLANG_WARN_STRICT_PROTOTYPES = YES;
				CLANG_WARN_SUSPICIOUS_MOVE = YES;
				CLANG_WARN_UNREACHABLE_CODE = YES;
				CLANG_WARN__DUPLICATE_METHOD_MATCH = YES;
				"CODE_SIGN_IDENTITY[sdk=iphoneos*]" = "iPhone Developer";
				COPY_PHASE_STRIP = NO;
				DEBUG_INFORMATION_FORMAT = dwarf;
				ENABLE_STRICT_OBJC_MSGSEND = YES;
				ENABLE_TESTABILITY = YES;
				GCC_C_LANGUAGE_STANDARD = gnu99;
				GCC_DYNAMIC_NO_PIC = NO;
				GCC_NO_COMMON_BLOCKS = YES;
				GCC_OPTIMIZATION_LEVEL = 0;
				GCC_PREPROCESSOR_DEFINITIONS = (
					"DEBUG=1",
					"$(inherited)",
				);
				GCC_WARN_64_TO_32_BIT_CONVERSION = YES;
				GCC_WARN_ABOUT_RETURN_TYPE = YES_ERROR;
				GCC_WARN_UNDECLARED_SELECTOR = YES;
				GCC_WARN_UNINITIALIZED_AUTOS = YES_AGGRESSIVE;
				GCC_WARN_UNUSED_FUNCTION = YES;
				GCC_WARN_UNUSED_VARIABLE = YES;
				IPHONEOS_DEPLOYMENT_TARGET = 9.0;
				MTL_ENABLE_DEBUG_INFO = YES;
				ONLY_ACTIVE_ARCH = YES;
				SDKROOT = iphoneos;
			};
			name = Debug;
		};
		62ADBBF91BCBA622001A3085 /* Release */ = {
			isa = XCBuildConfiguration;
			buildSettings = {
				ALWAYS_SEARCH_USER_PATHS = NO;
				CLANG_ANALYZER_LOCALIZABILITY_NONLOCALIZED = YES;
				CLANG_CXX_LANGUAGE_STANDARD = "gnu++0x";
				CLANG_CXX_LIBRARY = "libc++";
				CLANG_ENABLE_MODULES = YES;
				CLANG_ENABLE_OBJC_ARC = YES;
				CLANG_WARN_BLOCK_CAPTURE_AUTORELEASING = YES;
				CLANG_WARN_BOOL_CONVERSION = YES;
				CLANG_WARN_COMMA = YES;
				CLANG_WARN_CONSTANT_CONVERSION = YES;
				CLANG_WARN_DEPRECATED_OBJC_IMPLEMENTATIONS = YES;
				CLANG_WARN_DIRECT_OBJC_ISA_USAGE = YES_ERROR;
				CLANG_WARN_EMPTY_BODY = YES;
				CLANG_WARN_ENUM_CONVERSION = YES;
				CLANG_WARN_INFINITE_RECURSION = YES;
				CLANG_WARN_INT_CONVERSION = YES;
				CLANG_WARN_NON_LITERAL_NULL_CONVERSION = YES;
				CLANG_WARN_OBJC_IMPLICIT_RETAIN_SELF = YES;
				CLANG_WARN_OBJC_LITERAL_CONVERSION = YES;
				CLANG_WARN_OBJC_ROOT_CLASS = YES_ERROR;
				CLANG_WARN_RANGE_LOOP_ANALYSIS = YES;
				CLANG_WARN_STRICT_PROTOTYPES = YES;
				CLANG_WARN_SUSPICIOUS_MOVE = YES;
				CLANG_WARN_UNREACHABLE_CODE = YES;
				CLANG_WARN__DUPLICATE_METHOD_MATCH = YES;
				"CODE_SIGN_IDENTITY[sdk=iphoneos*]" = "iPhone Developer";
				COPY_PHASE_STRIP = NO;
				DEBUG_INFORMATION_FORMAT = "dwarf-with-dsym";
				ENABLE_NS_ASSERTIONS = NO;
				ENABLE_STRICT_OBJC_MSGSEND = YES;
				GCC_C_LANGUAGE_STANDARD = gnu99;
				GCC_NO_COMMON_BLOCKS = YES;
				GCC_WARN_64_TO_32_BIT_CONVERSION = YES;
				GCC_WARN_ABOUT_RETURN_TYPE = YES_ERROR;
				GCC_WARN_UNDECLARED_SELECTOR = YES;
				GCC_WARN_UNINITIALIZED_AUTOS = YES_AGGRESSIVE;
				GCC_WARN_UNUSED_FUNCTION = YES;
				GCC_WARN_UNUSED_VARIABLE = YES;
				IPHONEOS_DEPLOYMENT_TARGET = 9.0;
				MTL_ENABLE_DEBUG_INFO = NO;
				SDKROOT = iphoneos;
				VALIDATE_PRODUCT = YES;
			};
			name = Release;
		};
		62ADBBFB1BCBA622001A3085 /* Debug */ = {
			isa = XCBuildConfiguration;
			baseConfigurationReference = 117083F15192F23F673E1DC3 /* Pods-XXBNavDemo.debug.xcconfig */;
			buildSettings = {
				ASSETCATALOG_COMPILER_APPICON_NAME = AppIcon;
				DEVELOPMENT_TEAM = XVTV8VU3M3;
				INFOPLIST_FILE = XXBNavDemo/Info.plist;
				IPHONEOS_DEPLOYMENT_TARGET = 8.0;
				LD_RUNPATH_SEARCH_PATHS = "$(inherited) @executable_path/Frameworks";
				PRODUCT_BUNDLE_IDENTIFIER = com.xiaoxiaobing.XXBNavDemo;
				PRODUCT_NAME = "$(TARGET_NAME)";
			};
			name = Debug;
		};
		62ADBBFC1BCBA622001A3085 /* Release */ = {
			isa = XCBuildConfiguration;
			baseConfigurationReference = 40994AAFEB49C55AEA24383D /* Pods-XXBNavDemo.release.xcconfig */;
			buildSettings = {
				ASSETCATALOG_COMPILER_APPICON_NAME = AppIcon;
				DEVELOPMENT_TEAM = XVTV8VU3M3;
				INFOPLIST_FILE = XXBNavDemo/Info.plist;
				IPHONEOS_DEPLOYMENT_TARGET = 8.0;
				LD_RUNPATH_SEARCH_PATHS = "$(inherited) @executable_path/Frameworks";
				PRODUCT_BUNDLE_IDENTIFIER = com.xiaoxiaobing.XXBNavDemo;
				PRODUCT_NAME = "$(TARGET_NAME)";
			};
			name = Release;
		};
/* End XCBuildConfiguration section */

/* Begin XCConfigurationList section */
		62ADBBC81BCBA622001A3085 /* Build configuration list for PBXProject "XXBNavDemo" */ = {
			isa = XCConfigurationList;
			buildConfigurations = (
				62ADBBF81BCBA622001A3085 /* Debug */,
				62ADBBF91BCBA622001A3085 /* Release */,
			);
			defaultConfigurationIsVisible = 0;
			defaultConfigurationName = Release;
		};
		62ADBBFA1BCBA622001A3085 /* Build configuration list for PBXNativeTarget "XXBNavDemo" */ = {
			isa = XCConfigurationList;
			buildConfigurations = (
				62ADBBFB1BCBA622001A3085 /* Debug */,
				62ADBBFC1BCBA622001A3085 /* Release */,
			);
			defaultConfigurationIsVisible = 0;
			defaultConfigurationName = Release;
		};
/* End XCConfigurationList section */
	};
	rootObject = 62ADBBC51BCBA622001A3085 /* Project object */;
}
